// !$*UTF8*$!
{
	archiveVersion = 1;
	classes = {
	};
	objectVersion = 46;
	objects = {

/* Begin PBXBuildFile section */
		113C348D1BFAFF3800F8BAFE /* files in Resources */ = {isa = PBXBuildFile; fileRef = 113C348C1BFAFF3800F8BAFE /* files */; };
		113C348F1BFB1ECE00F8BAFE /* InfoPlist.strings in Resources */ = {isa = PBXBuildFile; fileRef = 113C348E1BFB1ECE00F8BAFE /* InfoPlist.strings */; };
		11DEF9B21B45085400D241D6 /* main.m in Sources */ = {isa = PBXBuildFile; fileRef = 11DEF9B11B45085400D241D6 /* main.m */; };
		11DEF9B51B45085400D241D6 /* AppDelegate.m in Sources */ = {isa = PBXBuildFile; fileRef = 11DEF9B41B45085400D241D6 /* AppDelegate.m */; };
		11DEF9C31B45085400D241D6 /* Images.xcassets in Resources */ = {isa = PBXBuildFile; fileRef = 11DEF9C21B45085400D241D6 /* Images.xcassets */; };
		11DEF9C61B45085400D241D6 /* LaunchScreen.xib in Resources */ = {isa = PBXBuildFile; fileRef = 11DEF9C41B45085400D241D6 /* LaunchScreen.xib */; };
		11DEF9D21B45085400D241D6 /* PDFDemoTests.m in Sources */ = {isa = PBXBuildFile; fileRef = 11DEF9D11B45085400D241D6 /* PDFDemoTests.m */; };
		11DEF9E51B4508CF00D241D6 /* ZPDFListViewController.m in Sources */ = {isa = PBXBuildFile; fileRef = 11DEF9DC1B4508CF00D241D6 /* ZPDFListViewController.m */; };
		11DEF9E61B4508CF00D241D6 /* ZPDFPageController.m in Sources */ = {isa = PBXBuildFile; fileRef = 11DEF9DE1B4508CF00D241D6 /* ZPDFPageController.m */; };
		11DEF9E71B4508CF00D241D6 /* ZPDFPageModel.m in Sources */ = {isa = PBXBuildFile; fileRef = 11DEF9E01B4508CF00D241D6 /* ZPDFPageModel.m */; };
		11DEF9E81B4508CF00D241D6 /* ZPDFReaderController.m in Sources */ = {isa = PBXBuildFile; fileRef = 11DEF9E21B4508CF00D241D6 /* ZPDFReaderController.m */; };
		11DEF9E91B4508CF00D241D6 /* ZPDFView.m in Sources */ = {isa = PBXBuildFile; fileRef = 11DEF9E41B4508CF00D241D6 /* ZPDFView.m */; };
/* End PBXBuildFile section */

/* Begin PBXContainerItemProxy section */
		11DEF9CC1B45085400D241D6 /* PBXContainerItemProxy */ = {
			isa = PBXContainerItemProxy;
			containerPortal = 11DEF9A41B45085400D241D6 /* Project object */;
			proxyType = 1;
			remoteGlobalIDString = 11DEF9AB1B45085400D241D6;
			remoteInfo = PDFDemo;
		};
/* End PBXContainerItemProxy section */

/* Begin PBXFileReference section */
		113C348C1BFAFF3800F8BAFE /* files */ = {isa = PBXFileReference; lastKnownFileType = folder; path = files; sourceTree = "<group>"; };
		113C348E1BFB1ECE00F8BAFE /* InfoPlist.strings */ = {isa = PBXFileReference; fileEncoding = 4; lastKnownFileType = text.plist.strings; path = InfoPlist.strings; sourceTree = "<group>"; };
		11DEF9AC1B45085400D241D6 /* PDFDemo.app */ = {isa = PBXFileReference; explicitFileType = wrapper.application; includeInIndex = 0; path = PDFDemo.app; sourceTree = BUILT_PRODUCTS_DIR; };
		11DEF9B01B45085400D241D6 /* Info.plist */ = {isa = PBXFileReference; lastKnownFileType = text.plist.xml; path = Info.plist; sourceTree = "<group>"; };
		11DEF9B11B45085400D241D6 /* main.m */ = {isa = PBXFileReference; lastKnownFileType = sourcecode.c.objc; path = main.m; sourceTree = "<group>"; };
		11DEF9B31B45085400D241D6 /* AppDelegate.h */ = {isa = PBXFileReference; lastKnownFileType = sourcecode.c.h; path = AppDelegate.h; sourceTree = "<group>"; };
		11DEF9B41B45085400D241D6 /* AppDelegate.m */ = {isa = PBXFileReference; lastKnownFileType = sourcecode.c.objc; path = AppDelegate.m; sourceTree = "<group>"; };
		11DEF9C21B45085400D241D6 /* Images.xcassets */ = {isa = PBXFileReference; lastKnownFileType = folder.assetcatalog; path = Images.xcassets; sourceTree = "<group>"; };
		11DEF9C51B45085400D241D6 /* Base */ = {isa = PBXFileReference; lastKnownFileType = file.xib; name = Base; path = Base.lproj/LaunchScreen.xib; sourceTree = "<group>"; };
		11DEF9CB1B45085400D241D6 /* PDFDemoTests.xctest */ = {isa = PBXFileReference; explicitFileType = wrapper.cfbundle; includeInIndex = 0; path = PDFDemoTests.xctest; sourceTree = BUILT_PRODUCTS_DIR; };
		11DEF9D01B45085400D241D6 /* Info.plist */ = {isa = PBXFileReference; lastKnownFileType = text.plist.xml; path = Info.plist; sourceTree = "<group>"; };
		11DEF9D11B45085400D241D6 /* PDFDemoTests.m */ = {isa = PBXFileReference; lastKnownFileType = sourcecode.c.objc; path = PDFDemoTests.m; sourceTree = "<group>"; };
		11DEF9DB1B4508CF00D241D6 /* ZPDFListViewController.h */ = {isa = PBXFileReference; fileEncoding = 4; lastKnownFileType = sourcecode.c.h; path = ZPDFListViewController.h; sourceTree = "<group>"; };
		11DEF9DC1B4508CF00D241D6 /* ZPDFListViewController.m */ = {isa = PBXFileReference; fileEncoding = 4; lastKnownFileType = sourcecode.c.objc; path = ZPDFListViewController.m; sourceTree = "<group>"; };
		11DEF9DD1B4508CF00D241D6 /* ZPDFPageController.h */ = {isa = PBXFileReference; fileEncoding = 4; lastKnownFileType = sourcecode.c.h; path = ZPDFPageController.h; sourceTree = "<group>"; };
		11DEF9DE1B4508CF00D241D6 /* ZPDFPageController.m */ = {isa = PBXFileReference; fileEncoding = 4; lastKnownFileType = sourcecode.c.objc; path = ZPDFPageController.m; sourceTree = "<group>"; };
		11DEF9DF1B4508CF00D241D6 /* ZPDFPageModel.h */ = {isa = PBXFileReference; fileEncoding = 4; lastKnownFileType = sourcecode.c.h; path = ZPDFPageModel.h; sourceTree = "<group>"; };
		11DEF9E01B4508CF00D241D6 /* ZPDFPageModel.m */ = {isa = PBXFileReference; fileEncoding = 4; lastKnownFileType = sourcecode.c.objc; path = ZPDFPageModel.m; sourceTree = "<group>"; };
		11DEF9E11B4508CF00D241D6 /* ZPDFReaderController.h */ = {isa = PBXFileReference; fileEncoding = 4; lastKnownFileType = sourcecode.c.h; path = ZPDFReaderController.h; sourceTree = "<group>"; };
		11DEF9E21B4508CF00D241D6 /* ZPDFReaderController.m */ = {isa = PBXFileReference; fileEncoding = 4; lastKnownFileType = sourcecode.c.objc; path = ZPDFReaderController.m; sourceTree = "<group>"; };
		11DEF9E31B4508CF00D241D6 /* ZPDFView.h */ = {isa = PBXFileReference; fileEncoding = 4; lastKnownFileType = sourcecode.c.h; path = ZPDFView.h; sourceTree = "<group>"; };
		11DEF9E41B4508CF00D241D6 /* ZPDFView.m */ = {isa = PBXFileReference; fileEncoding = 4; lastKnownFileType = sourcecode.c.objc; path = ZPDFView.m; sourceTree = "<group>"; };
/* End PBXFileReference section */

/* Begin PBXFrameworksBuildPhase section */
		11DEF9A91B45085400D241D6 /* Frameworks */ = {
			isa = PBXFrameworksBuildPhase;
			buildActionMask = 2147483647;
			files = (
			);
			runOnlyForDeploymentPostprocessing = 0;
		};
		11DEF9C81B45085400D241D6 /* Frameworks */ = {
			isa = PBXFrameworksBuildPhase;
			buildActionMask = 2147483647;
			files = (
			);
			runOnlyForDeploymentPostprocessing = 0;
		};
/* End PBXFrameworksBuildPhase section */

/* Begin PBXGroup section */
		113D34961B4B6FBE0005B1EE /* ZPDFReader */ = {
			isa = PBXGroup;
			children = (
				11DEF9E11B4508CF00D241D6 /* ZPDFReaderController.h */,
				11DEF9E21B4508CF00D241D6 /* ZPDFReaderController.m */,
				11DEF9DF1B4508CF00D241D6 /* ZPDFPageModel.h */,
				11DEF9E01B4508CF00D241D6 /* ZPDFPageModel.m */,
				11DEF9DD1B4508CF00D241D6 /* ZPDFPageController.h */,
				11DEF9DE1B4508CF00D241D6 /* ZPDFPageController.m */,
				11DEF9E31B4508CF00D241D6 /* ZPDFView.h */,
				11DEF9E41B4508CF00D241D6 /* ZPDFView.m */,
			);
			name = ZPDFReader;
			sourceTree = "<group>";
		};
		11DEF9A31B45085400D241D6 = {
			isa = PBXGroup;
			children = (
				11DEF9AE1B45085400D241D6 /* PDFDemo */,
				11DEF9CE1B45085400D241D6 /* PDFDemoTests */,
				11DEF9AD1B45085400D241D6 /* Products */,
			);
			sourceTree = "<group>";
		};
		11DEF9AD1B45085400D241D6 /* Products */ = {
			isa = PBXGroup;
			children = (
				11DEF9AC1B45085400D241D6 /* PDFDemo.app */,
				11DEF9CB1B45085400D241D6 /* PDFDemoTests.xctest */,
			);
			name = Products;
			sourceTree = "<group>";
		};
		11DEF9AE1B45085400D241D6 /* PDFDemo */ = {
			isa = PBXGroup;
			children = (
				113D34961B4B6FBE0005B1EE /* ZPDFReader */,
				11DEF9B31B45085400D241D6 /* AppDelegate.h */,
				11DEF9B41B45085400D241D6 /* AppDelegate.m */,
				11DEF9DB1B4508CF00D241D6 /* ZPDFListViewController.h */,
				11DEF9DC1B4508CF00D241D6 /* ZPDFListViewController.m */,
				11DEF9C21B45085400D241D6 /* Images.xcassets */,
				11DEF9C41B45085400D241D6 /* LaunchScreen.xib */,
				11DEF9AF1B45085400D241D6 /* Supporting Files */,
			);
			path = PDFDemo;
			sourceTree = "<group>";
		};
		11DEF9AF1B45085400D241D6 /* Supporting Files */ = {
			isa = PBXGroup;
			children = (
				113C348C1BFAFF3800F8BAFE /* files */,
				11DEF9B01B45085400D241D6 /* Info.plist */,
				11DEF9B11B45085400D241D6 /* main.m */,
				113C348E1BFB1ECE00F8BAFE /* InfoPlist.strings */,
			);
			name = "Supporting Files";
			sourceTree = "<group>";
		};
		11DEF9CE1B45085400D241D6 /* PDFDemoTests */ = {
			isa = PBXGroup;
			children = (
				11DEF9D11B45085400D241D6 /* PDFDemoTests.m */,
				11DEF9CF1B45085400D241D6 /* Supporting Files */,
			);
			path = PDFDemoTests;
			sourceTree = "<group>";
		};
		11DEF9CF1B45085400D241D6 /* Supporting Files */ = {
			isa = PBXGroup;
			children = (
				11DEF9D01B45085400D241D6 /* Info.plist */,
			);
			name = "Supporting Files";
			sourceTree = "<group>";
		};
/* End PBXGroup section */

/* Begin PBXNativeTarget section */
		11DEF9AB1B45085400D241D6 /* PDFDemo */ = {
			isa = PBXNativeTarget;
			buildConfigurationList = 11DEF9D51B45085400D241D6 /* Build configuration list for PBXNativeTarget "PDFDemo" */;
			buildPhases = (
				11DEF9A81B45085400D241D6 /* Sources */,
				11DEF9A91B45085400D241D6 /* Frameworks */,
				11DEF9AA1B45085400D241D6 /* Resources */,
			);
			buildRules = (
			);
			dependencies = (
			);
			name = PDFDemo;
			productName = PDFDemo;
			productReference = 11DEF9AC1B45085400D241D6 /* PDFDemo.app */;
			productType = "com.apple.product-type.application";
		};
		11DEF9CA1B45085400D241D6 /* PDFDemoTests */ = {
			isa = PBXNativeTarget;
			buildConfigurationList = 11DEF9D81B45085400D241D6 /* Build configuration list for PBXNativeTarget "PDFDemoTests" */;
			buildPhases = (
				11DEF9C71B45085400D241D6 /* Sources */,
				11DEF9C81B45085400D241D6 /* Frameworks */,
				11DEF9C91B45085400D241D6 /* Resources */,
			);
			buildRules = (
			);
			dependencies = (
				11DEF9CD1B45085400D241D6 /* PBXTargetDependency */,
			);
			name = PDFDemoTests;
			productName = PDFDemoTests;
			productReference = 11DEF9CB1B45085400D241D6 /* PDFDemoTests.xctest */;
			productType = "com.apple.product-type.bundle.unit-test";
		};
/* End PBXNativeTarget section */

/* Begin PBXProject section */
		11DEF9A41B45085400D241D6 /* Project object */ = {
			isa = PBXProject;
			attributes = {
				LastUpgradeCheck = 0630;
				ORGANIZATIONNAME = Kiwik;
				TargetAttributes = {
					11DEF9AB1B45085400D241D6 = {
						CreatedOnToolsVersion = 6.3.2;
					};
					11DEF9CA1B45085400D241D6 = {
						CreatedOnToolsVersion = 6.3.2;
						TestTargetID = 11DEF9AB1B45085400D241D6;
					};
				};
			};
			buildConfigurationList = 11DEF9A71B45085400D241D6 /* Build configuration list for PBXProject "PDFDemo" */;
			compatibilityVersion = "Xcode 3.2";
			developmentRegion = English;
			hasScannedForEncodings = 0;
			knownRegions = (
				en,
				Base,
			);
			mainGroup = 11DEF9A31B45085400D241D6;
			productRefGroup = 11DEF9AD1B45085400D241D6 /* Products */;
			projectDirPath = "";
			projectRoot = "";
			targets = (
				11DEF9AB1B45085400D241D6 /* PDFDemo */,
				11DEF9CA1B45085400D241D6 /* PDFDemoTests */,
			);
		};
/* End PBXProject section */

/* Begin PBXResourcesBuildPhase section */
		11DEF9AA1B45085400D241D6 /* Resources */ = {
			isa = PBXResourcesBuildPhase;
			buildActionMask = 2147483647;
			files = (
				113C348D1BFAFF3800F8BAFE /* files in Resources */,
				113C348F1BFB1ECE00F8BAFE /* InfoPlist.strings in Resources */,
				11DEF9C61B45085400D241D6 /* LaunchScreen.xib in Resources */,
				11DEF9C31B45085400D241D6 /* Images.xcassets in Resources */,
			);
			runOnlyForDeploymentPostprocessing = 0;
		};
		11DEF9C91B45085400D241D6 /* Resources */ = {
			isa = PBXResourcesBuildPhase;
			buildActionMask = 2147483647;
			files = (
			);
			runOnlyForDeploymentPostprocessing = 0;
		};
/* End PBXResourcesBuildPhase section */

/* Begin PBXSourcesBuildPhase section */
		11DEF9A81B45085400D241D6 /* Sources */ = {
			isa = PBXSourcesBuildPhase;
			buildActionMask = 2147483647;
			files = (
				11DEF9E51B4508CF00D241D6 /* ZPDFListViewController.m in Sources */,
				11DEF9E91B4508CF00D241D6 /* ZPDFView.m in Sources */,
				11DEF9B51B45085400D241D6 /* AppDelegate.m in Sources */,
				11DEF9E71B4508CF00D241D6 /* ZPDFPageModel.m in Sources */,
				11DEF9B21B45085400D241D6 /* main.m in Sources */,
				11DEF9E61B4508CF00D241D6 /* ZPDFPageController.m in Sources */,
				11DEF9E81B4508CF00D241D6 /* ZPDFReaderController.m in Sources */,
			);
			runOnlyForDeploymentPostprocessing = 0;
		};
		11DEF9C71B45085400D241D6 /* Sources */ = {
			isa = PBXSourcesBuildPhase;
			buildActionMask = 2147483647;
			files = (
				11DEF9D21B45085400D241D6 /* PDFDemoTests.m in Sources */,
			);
			runOnlyForDeploymentPostprocessing = 0;
		};
/* End PBXSourcesBuildPhase section */

/* Begin PBXTargetDependency section */
		11DEF9CD1B45085400D241D6 /* PBXTargetDependency */ = {
			isa = PBXTargetDependency;
			target = 11DEF9AB1B45085400D241D6 /* PDFDemo */;
			targetProxy = 11DEF9CC1B45085400D241D6 /* PBXContainerItemProxy */;
		};
/* End PBXTargetDependency section */

/* Begin PBXVariantGroup section */
		11DEF9C41B45085400D241D6 /* LaunchScreen.xib */ = {
			isa = PBXVariantGroup;
			children = (
				11DEF9C51B45085400D241D6 /* Base */,
			);
			name = LaunchScreen.xib;
			sourceTree = "<group>";
		};
/* End PBXVariantGroup section */

/* Begin XCBuildConfiguration section */
		11DEF9D31B45085400D241D6 /* Debug */ = {
			isa = XCBuildConfiguration;
			buildSettings = {
				ALWAYS_SEARCH_USER_PATHS = NO;
				CLANG_CXX_LANGUAGE_STANDARD = "gnu++0x";
				CLANG_CXX_LIBRARY = "libc++";
				CLANG_ENABLE_MODULES = YES;
				CLANG_ENABLE_OBJC_ARC = YES;
				CLANG_WARN_BOOL_CONVERSION = YES;
				CLANG_WARN_CONSTANT_CONVERSION = YES;
				CLANG_WARN_DIRECT_OBJC_ISA_USAGE = YES_ERROR;
				CLANG_WARN_EMPTY_BODY = YES;
				CLANG_WARN_ENUM_CONVERSION = YES;
				CLANG_WARN_INT_CONVERSION = YES;
				CLANG_WARN_OBJC_ROOT_CLASS = YES_ERROR;
				CLANG_WARN_UNREACHABLE_CODE = YES;
				CLANG_WARN__DUPLICATE_METHOD_MATCH = YES;
				"CODE_SIGN_IDENTITY[sdk=iphoneos*]" = "iPhone Developer";
				COPY_PHASE_STRIP = NO;
				DEBUG_INFORMATION_FORMAT = "dwarf-with-dsym";
				ENABLE_BITCODE = NO;
				ENABLE_STRICT_OBJC_MSGSEND = YES;
				GCC_C_LANGUAGE_STANDARD = gnu99;
				GCC_DYNAMIC_NO_PIC = NO;
				GCC_NO_COMMON_BLOCKS = YES;
				GCC_OPTIMIZATION_LEVEL = 0;
				GCC_PREPROCESSOR_DEFINITIONS = (
					"DEBUG=1",
					"$(inherited)",
				);
				GCC_SYMBOLS_PRIVATE_EXTERN = NO;
				GCC_WARN_64_TO_32_BIT_CONVERSION = YES;
				GCC_WARN_ABOUT_RETURN_TYPE = YES_ERROR;
				GCC_WARN_UNDECLARED_SELECTOR = YES;
				GCC_WARN_UNINITIALIZED_AUTOS = YES_AGGRESSIVE;
				GCC_WARN_UNUSED_FUNCTION = YES;
				GCC_WARN_UNUSED_VARIABLE = YES;
				IPHONEOS_DEPLOYMENT_TARGET = 8.3;
				MTL_ENABLE_DEBUG_INFO = YES;
				ONLY_ACTIVE_ARCH = YES;
				SDKROOT = iphoneos;
			};
			name = Debug;
		};
		11DEF9D41B45085400D241D6 /* Release */ = {
			isa = XCBuildConfiguration;
			buildSettings = {
				ALWAYS_SEARCH_USER_PATHS = NO;
				CLANG_CXX_LANGUAGE_STANDARD = "gnu++0x";
				CLANG_CXX_LIBRARY = "libc++";
				CLANG_ENABLE_MODULES = YES;
				CLANG_ENABLE_OBJC_ARC = YES;
				CLANG_WARN_BOOL_CONVERSION = YES;
				CLANG_WARN_CONSTANT_CONVERSION = YES;
				CLANG_WARN_DIRECT_OBJC_ISA_USAGE = YES_ERROR;
				CLANG_WARN_EMPTY_BODY = YES;
				CLANG_WARN_ENUM_CONVERSION = YES;
				CLANG_WARN_INT_CONVERSION = YES;
				CLANG_WARN_OBJC_ROOT_CLASS = YES_ERROR;
				CLANG_WARN_UNREACHABLE_CODE = YES;
				CLANG_WARN__DUPLICATE_METHOD_MATCH = YES;
				"CODE_SIGN_IDENTITY[sdk=iphoneos*]" = "iPhone Developer";
				COPY_PHASE_STRIP = NO;
				DEBUG_INFORMATION_FORMAT = "dwarf-with-dsym";
				ENABLE_BITCODE = NO;
				ENABLE_NS_ASSERTIONS = NO;
				ENABLE_STRICT_OBJC_MSGSEND = YES;
				GCC_C_LANGUAGE_STANDARD = gnu99;
				GCC_NO_COMMON_BLOCKS = YES;
				GCC_WARN_64_TO_32_BIT_CONVERSION = YES;
				GCC_WARN_ABOUT_RETURN_TYPE = YES_ERROR;
				GCC_WARN_UNDECLARED_SELECTOR = YES;
				GCC_WARN_UNINITIALIZED_AUTOS = YES_AGGRESSIVE;
				GCC_WARN_UNUSED_FUNCTION = YES;
				GCC_WARN_UNUSED_VARIABLE = YES;
				IPHONEOS_DEPLOYMENT_TARGET = 8.3;
				MTL_ENABLE_DEBUG_INFO = NO;
				SDKROOT = iphoneos;
				VALIDATE_PRODUCT = YES;
			};
			name = Release;
		};
		11DEF9D61B45085400D241D6 /* Debug */ = {
			isa = XCBuildConfiguration;
			buildSettings = {
				ASSETCATALOG_COMPILER_APPICON_NAME = AppIcon;
				ENABLE_BITCODE = NO;
				INFOPLIST_FILE = PDFDemo/Info.plist;
				LD_RUNPATH_SEARCH_PATHS = "$(inherited) @executable_path/Frameworks";
				PRODUCT_NAME = "$(TARGET_NAME)";
			};
			name = Debug;
		};
		11DEF9D71B45085400D241D6 /* Release */ = {
			isa = XCBuildConfiguration;
			buildSettings = {
				ASSETCATALOG_COMPILER_APPICON_NAME = AppIcon;
				ENABLE_BITCODE = NO;
				INFOPLIST_FILE = PDFDemo/Info.plist;
				LD_RUNPATH_SEARCH_PATHS = "$(inherited) @executable_path/Frameworks";
				PRODUCT_NAME = "$(TARGET_NAME)";
			};
			name = Release;
		};
		11DEF9D91B45085400D241D6 /* Debug */ = {
			isa = XCBuildConfiguration;
			buildSettings = {
				BUNDLE_LOADER = "$(TEST_HOST)";
				FRAMEWORK_SEARCH_PATHS = (
					"$(SDKROOT)/Developer/Library/Frameworks",
					"$(inherited)",
				);
				GCC_PREPROCESSOR_DEFINITIONS = (
					"DEBUG=1",
					"$(inherited)",
				);
				INFOPLIST_FILE = PDFDemoTests/Info.plist;
				LD_RUNPATH_SEARCH_PATHS = "$(inherited) @executable_path/Frameworks @loader_path/Frameworks";
				PRODUCT_NAME = "$(TARGET_NAME)";
				TEST_HOST = "$(BUILT_PRODUCTS_DIR)/PDFDemo.app/PDFDemo";
			};
			name = Debug;
		};
		11DEF9DA1B45085400D241D6 /* Release */ = {
			isa = XCBuildConfiguration;
			buildSettings = {
				BUNDLE_LOADER = "$(TEST_HOST)";
				FRAMEWORK_SEARCH_PATHS = (
					"$(SDKROOT)/Developer/Library/Frameworks",
					"$(inherited)",
				);
				INFOPLIST_FILE = PDFDemoTests/Info.plist;
				LD_RUNPATH_SEARCH_PATHS = "$(inherited) @executable_path/Frameworks @loader_path/Frameworks";
				PRODUCT_NAME = "$(TARGET_NAME)";
				TEST_HOST = "$(BUILT_PRODUCTS_DIR)/PDFDemo.app/PDFDemo";
			};
			name = Release;
		};
/* End XCBuildConfiguration section */

/* Begin XCConfigurationList section */
		11DEF9A71B45085400D241D6 /* Build configuration list for PBXProject "PDFDemo" */ = {
			isa = XCConfigurationList;
			buildConfigurations = (
				11DEF9D31B45085400D241D6 /* Debug */,
				11DEF9D41B45085400D241D6 /* Release */,
			);
			defaultConfigurationIsVisible = 0;
			defaultConfigurationName = Release;
		};
		11DEF9D51B45085400D241D6 /* Build configuration list for PBXNativeTarget "PDFDemo" */ = {
			isa = XCConfigurationList;
			buildConfigurations = (
				11DEF9D61B45085400D241D6 /* Debug */,
				11DEF9D71B45085400D241D6 /* Release */,
			);
			defaultConfigurationIsVisible = 0;
			defaultConfigurationName = Release;
		};
		11DEF9D81B45085400D241D6 /* Build configuration list for PBXNativeTarget "PDFDemoTests" */ = {
			isa = XCConfigurationList;
			buildConfigurations = (
				11DEF9D91B45085400D241D6 /* Debug */,
				11DEF9DA1B45085400D241D6 /* Release */,
			);
			defaultConfigurationIsVisible = 0;
			defaultConfigurationName = Release;
		};
/* End XCConfigurationList section */
	};
	rootObject = 11DEF9A41B45085400D241D6 /* Project object */;
}
